{
  "name": "ajz",
  "version": "1.0.0",
  "lockfileVersion": 3,
  "requires": true,
  "packages": {
    "": {
      "name": "ajz",
      "version": "1.0.0",
      "license": "ISC",
      "dependencies": {
        "@helenapril9/ajs": "^2.0.0"
      }
    },
    "node_modules/@helenapril9/ajs": {
      "version": "2.0.0",
      "resolved": "https://npm.pkg.github.com/download/@helenapril9/ajs/2.0.0/f1e5e5154e25c2fadad9e14f54087b95855560a0",
      "integrity": "sha512-I0CceJr+5XZGHPRA3c/TPRrqf7spTOpRij6/VeYG63mwTSMU3jeNrJkDEz6N45tnXgjvB9XTbmLYRI69CYEC/A==",
      "license": "ISC"
    }
  }
}
